// !$*UTF8*$!
{
	archiveVersion = 1;
	classes = {
	};
	objectVersion = 52;
	objects = {

/* Begin PBXBuildFile section */
		0FA5DDCFB845376B89A082AA /* Pods_FlixTests.framework in Frameworks */ = {isa = PBXBuildFile; fileRef = D655DD588AD8BA0CCB74EDED /* Pods_FlixTests.framework */; };
		471322A43060B2481D9A64C8 /* Pods_Flix.framework in Frameworks */ = {isa = PBXBuildFile; fileRef = 064637CF32C514E93CD59877 /* Pods_Flix.framework */; };
		7244A1E5BAA6C733E1A4D7FD /* Pods_Flix_FlixUITests.framework in Frameworks */ = {isa = PBXBuildFile; fileRef = 79B5C36CE478A5FFEFF678B6 /* Pods_Flix_FlixUITests.framework */; };
		931F5D9F26FD66CB00162318 /* AppDelegate.swift in Sources */ = {isa = PBXBuildFile; fileRef = 931F5D9E26FD66CB00162318 /* AppDelegate.swift */; };
		931F5DA126FD66CB00162318 /* SceneDelegate.swift in Sources */ = {isa = PBXBuildFile; fileRef = 931F5DA026FD66CB00162318 /* SceneDelegate.swift */; };
		931F5DA326FD66CB00162318 /* MovieViewController.swift in Sources */ = {isa = PBXBuildFile; fileRef = 931F5DA226FD66CB00162318 /* MovieViewController.swift */; };
		931F5DA626FD66CB00162318 /* Main.storyboard in Resources */ = {isa = PBXBuildFile; fileRef = 931F5DA426FD66CB00162318 /* Main.storyboard */; };
		931F5DA826FD66CD00162318 /* Assets.xcassets in Resources */ = {isa = PBXBuildFile; fileRef = 931F5DA726FD66CD00162318 /* Assets.xcassets */; };
		931F5DAB26FD66CD00162318 /* LaunchScreen.storyboard in Resources */ = {isa = PBXBuildFile; fileRef = 931F5DA926FD66CD00162318 /* LaunchScreen.storyboard */; };
		931F5DB626FD66CE00162318 /* FlixTests.swift in Sources */ = {isa = PBXBuildFile; fileRef = 931F5DB526FD66CE00162318 /* FlixTests.swift */; };
		931F5DC126FD66CE00162318 /* FlixUITests.swift in Sources */ = {isa = PBXBuildFile; fileRef = 931F5DC026FD66CE00162318 /* FlixUITests.swift */; };
		931F5DD126FE16CF00162318 /* MovieCell.swift in Sources */ = {isa = PBXBuildFile; fileRef = 931F5DD026FE16CF00162318 /* MovieCell.swift */; };
		931F5DD426FE1C2A00162318 /* AlamofireImage in Frameworks */ = {isa = PBXBuildFile; productRef = 931F5DD326FE1C2A00162318 /* AlamofireImage */; };
/* End PBXBuildFile section */

/* Begin PBXContainerItemProxy section */
		931F5DB226FD66CE00162318 /* PBXContainerItemProxy */ = {
			isa = PBXContainerItemProxy;
			containerPortal = 931F5D9326FD66CB00162318 /* Project object */;
			proxyType = 1;
			remoteGlobalIDString = 931F5D9A26FD66CB00162318;
			remoteInfo = Flix;
		};
		931F5DBD26FD66CE00162318 /* PBXContainerItemProxy */ = {
			isa = PBXContainerItemProxy;
			containerPortal = 931F5D9326FD66CB00162318 /* Project object */;
			proxyType = 1;
			remoteGlobalIDString = 931F5D9A26FD66CB00162318;
			remoteInfo = Flix;
		};
/* End PBXContainerItemProxy section */

/* Begin PBXFileReference section */
		064637CF32C514E93CD59877 /* Pods_Flix.framework */ = {isa = PBXFileReference; explicitFileType = wrapper.framework; includeInIndex = 0; path = Pods_Flix.framework; sourceTree = BUILT_PRODUCTS_DIR; };
		1EC0399835C34BE794AE60CC /* Pods-Flix.release.xcconfig */ = {isa = PBXFileReference; includeInIndex = 1; lastKnownFileType = text.xcconfig; name = "Pods-Flix.release.xcconfig"; path = "Target Support Files/Pods-Flix/Pods-Flix.release.xcconfig"; sourceTree = "<group>"; };
		5FAA2BC96A011A7DCE26FB5D /* Pods-FlixTests.release.xcconfig */ = {isa = PBXFileReference; includeInIndex = 1; lastKnownFileType = text.xcconfig; name = "Pods-FlixTests.release.xcconfig"; path = "Target Support Files/Pods-FlixTests/Pods-FlixTests.release.xcconfig"; sourceTree = "<group>"; };
		79B5C36CE478A5FFEFF678B6 /* Pods_Flix_FlixUITests.framework */ = {isa = PBXFileReference; explicitFileType = wrapper.framework; includeInIndex = 0; path = Pods_Flix_FlixUITests.framework; sourceTree = BUILT_PRODUCTS_DIR; };
		87AB7D699811437D45216FB8 /* Pods-Flix-FlixUITests.release.xcconfig */ = {isa = PBXFileReference; includeInIndex = 1; lastKnownFileType = text.xcconfig; name = "Pods-Flix-FlixUITests.release.xcconfig"; path = "Target Support Files/Pods-Flix-FlixUITests/Pods-Flix-FlixUITests.release.xcconfig"; sourceTree = "<group>"; };
		931F5D9B26FD66CB00162318 /* Flix.app */ = {isa = PBXFileReference; explicitFileType = wrapper.application; includeInIndex = 0; path = Flix.app; sourceTree = BUILT_PRODUCTS_DIR; };
		931F5D9E26FD66CB00162318 /* AppDelegate.swift */ = {isa = PBXFileReference; lastKnownFileType = sourcecode.swift; path = AppDelegate.swift; sourceTree = "<group>"; };
		931F5DA026FD66CB00162318 /* SceneDelegate.swift */ = {isa = PBXFileReference; lastKnownFileType = sourcecode.swift; path = SceneDelegate.swift; sourceTree = "<group>"; };
		931F5DA226FD66CB00162318 /* MovieViewController.swift */ = {isa = PBXFileReference; lastKnownFileType = sourcecode.swift; path = MovieViewController.swift; sourceTree = "<group>"; };
		931F5DA526FD66CB00162318 /* Base */ = {isa = PBXFileReference; lastKnownFileType = file.storyboard; name = Base; path = Base.lproj/Main.storyboard; sourceTree = "<group>"; };
		931F5DA726FD66CD00162318 /* Assets.xcassets */ = {isa = PBXFileReference; lastKnownFileType = folder.assetcatalog; path = Assets.xcassets; sourceTree = "<group>"; };
		931F5DAA26FD66CD00162318 /* Base */ = {isa = PBXFileReference; lastKnownFileType = file.storyboard; name = Base; path = Base.lproj/LaunchScreen.storyboard; sourceTree = "<group>"; };
		931F5DAC26FD66CD00162318 /* Info.plist */ = {isa = PBXFileReference; lastKnownFileType = text.plist.xml; path = Info.plist; sourceTree = "<group>"; };
		931F5DB126FD66CE00162318 /* FlixTests.xctest */ = {isa = PBXFileReference; explicitFileType = wrapper.cfbundle; includeInIndex = 0; path = FlixTests.xctest; sourceTree = BUILT_PRODUCTS_DIR; };
		931F5DB526FD66CE00162318 /* FlixTests.swift */ = {isa = PBXFileReference; lastKnownFileType = sourcecode.swift; path = FlixTests.swift; sourceTree = "<group>"; };
		931F5DB726FD66CE00162318 /* Info.plist */ = {isa = PBXFileReference; lastKnownFileType = text.plist.xml; path = Info.plist; sourceTree = "<group>"; };
		931F5DBC26FD66CE00162318 /* FlixUITests.xctest */ = {isa = PBXFileReference; explicitFileType = wrapper.cfbundle; includeInIndex = 0; path = FlixUITests.xctest; sourceTree = BUILT_PRODUCTS_DIR; };
		931F5DC026FD66CE00162318 /* FlixUITests.swift */ = {isa = PBXFileReference; lastKnownFileType = sourcecode.swift; path = FlixUITests.swift; sourceTree = "<group>"; };
		931F5DC226FD66CE00162318 /* Info.plist */ = {isa = PBXFileReference; lastKnownFileType = text.plist.xml; path = Info.plist; sourceTree = "<group>"; };
		931F5DD026FE16CF00162318 /* MovieCell.swift */ = {isa = PBXFileReference; lastKnownFileType = sourcecode.swift; path = MovieCell.swift; sourceTree = "<group>"; };
		A62800D0B5AC84350996BCD8 /* Pods-Flix.debug.xcconfig */ = {isa = PBXFileReference; includeInIndex = 1; lastKnownFileType = text.xcconfig; name = "Pods-Flix.debug.xcconfig"; path = "Target Support Files/Pods-Flix/Pods-Flix.debug.xcconfig"; sourceTree = "<group>"; };
		AB211ED6A2310FB694475321 /* Pods-FlixTests.debug.xcconfig */ = {isa = PBXFileReference; includeInIndex = 1; lastKnownFileType = text.xcconfig; name = "Pods-FlixTests.debug.xcconfig"; path = "Target Support Files/Pods-FlixTests/Pods-FlixTests.debug.xcconfig"; sourceTree = "<group>"; };
		D05F5E31DA56BB236E42B73C /* Pods-Flix-FlixUITests.debug.xcconfig */ = {isa = PBXFileReference; includeInIndex = 1; lastKnownFileType = text.xcconfig; name = "Pods-Flix-FlixUITests.debug.xcconfig"; path = "Target Support Files/Pods-Flix-FlixUITests/Pods-Flix-FlixUITests.debug.xcconfig"; sourceTree = "<group>"; };
		D655DD588AD8BA0CCB74EDED /* Pods_FlixTests.framework */ = {isa = PBXFileReference; explicitFileType = wrapper.framework; includeInIndex = 0; path = Pods_FlixTests.framework; sourceTree = BUILT_PRODUCTS_DIR; };
/* End PBXFileReference section */

/* Begin PBXFrameworksBuildPhase section */
		931F5D9826FD66CB00162318 /* Frameworks */ = {
			isa = PBXFrameworksBuildPhase;
			buildActionMask = 2147483647;
			files = (
				931F5DD426FE1C2A00162318 /* AlamofireImage in Frameworks */,
				471322A43060B2481D9A64C8 /* Pods_Flix.framework in Frameworks */,
			);
			runOnlyForDeploymentPostprocessing = 0;
		};
		931F5DAE26FD66CE00162318 /* Frameworks */ = {
			isa = PBXFrameworksBuildPhase;
			buildActionMask = 2147483647;
			files = (
				0FA5DDCFB845376B89A082AA /* Pods_FlixTests.framework in Frameworks */,
			);
			runOnlyForDeploymentPostprocessing = 0;
		};
		931F5DB926FD66CE00162318 /* Frameworks */ = {
			isa = PBXFrameworksBuildPhase;
			buildActionMask = 2147483647;
			files = (
				7244A1E5BAA6C733E1A4D7FD /* Pods_Flix_FlixUITests.framework in Frameworks */,
			);
			runOnlyForDeploymentPostprocessing = 0;
		};
/* End PBXFrameworksBuildPhase section */

/* Begin PBXGroup section */
		4890F47950CD8B1C01F70B55 /* Frameworks */ = {
			isa = PBXGroup;
			children = (
				064637CF32C514E93CD59877 /* Pods_Flix.framework */,
				79B5C36CE478A5FFEFF678B6 /* Pods_Flix_FlixUITests.framework */,
				D655DD588AD8BA0CCB74EDED /* Pods_FlixTests.framework */,
			);
			name = Frameworks;
			sourceTree = "<group>";
		};
		931F5D9226FD66CB00162318 = {
			isa = PBXGroup;
			children = (
				931F5D9D26FD66CB00162318 /* Flix */,
				931F5DB426FD66CE00162318 /* FlixTests */,
				931F5DBF26FD66CE00162318 /* FlixUITests */,
				931F5D9C26FD66CB00162318 /* Products */,
				CE529C9EA8731E8079F00B04 /* Pods */,
				4890F47950CD8B1C01F70B55 /* Frameworks */,
			);
			sourceTree = "<group>";
		};
		931F5D9C26FD66CB00162318 /* Products */ = {
			isa = PBXGroup;
			children = (
				931F5D9B26FD66CB00162318 /* Flix.app */,
				931F5DB126FD66CE00162318 /* FlixTests.xctest */,
				931F5DBC26FD66CE00162318 /* FlixUITests.xctest */,
			);
			name = Products;
			sourceTree = "<group>";
		};
		931F5D9D26FD66CB00162318 /* Flix */ = {
			isa = PBXGroup;
			children = (
				931F5DCE26FD68AD00162318 /* Models */,
				931F5D9E26FD66CB00162318 /* AppDelegate.swift */,
				931F5DD026FE16CF00162318 /* MovieCell.swift */,
				931F5DA026FD66CB00162318 /* SceneDelegate.swift */,
				931F5DA226FD66CB00162318 /* MovieViewController.swift */,
				931F5DA426FD66CB00162318 /* Main.storyboard */,
				931F5DA726FD66CD00162318 /* Assets.xcassets */,
				931F5DA926FD66CD00162318 /* LaunchScreen.storyboard */,
				931F5DAC26FD66CD00162318 /* Info.plist */,
			);
			path = Flix;
			sourceTree = "<group>";
		};
		931F5DB426FD66CE00162318 /* FlixTests */ = {
			isa = PBXGroup;
			children = (
				931F5DB526FD66CE00162318 /* FlixTests.swift */,
				931F5DB726FD66CE00162318 /* Info.plist */,
			);
			path = FlixTests;
			sourceTree = "<group>";
		};
		931F5DBF26FD66CE00162318 /* FlixUITests */ = {
			isa = PBXGroup;
			children = (
				931F5DC026FD66CE00162318 /* FlixUITests.swift */,
				931F5DC226FD66CE00162318 /* Info.plist */,
			);
			path = FlixUITests;
			sourceTree = "<group>";
		};
		931F5DCE26FD68AD00162318 /* Models */ = {
			isa = PBXGroup;
			children = (
			);
			path = Models;
			sourceTree = "<group>";
		};
		CE529C9EA8731E8079F00B04 /* Pods */ = {
			isa = PBXGroup;
			children = (
				A62800D0B5AC84350996BCD8 /* Pods-Flix.debug.xcconfig */,
				1EC0399835C34BE794AE60CC /* Pods-Flix.release.xcconfig */,
				D05F5E31DA56BB236E42B73C /* Pods-Flix-FlixUITests.debug.xcconfig */,
				87AB7D699811437D45216FB8 /* Pods-Flix-FlixUITests.release.xcconfig */,
				AB211ED6A2310FB694475321 /* Pods-FlixTests.debug.xcconfig */,
				5FAA2BC96A011A7DCE26FB5D /* Pods-FlixTests.release.xcconfig */,
			);
			name = Pods;
			path = Pods;
			sourceTree = "<group>";
		};
/* End PBXGroup section */

/* Begin PBXNativeTarget section */
		931F5D9A26FD66CB00162318 /* Flix */ = {
			isa = PBXNativeTarget;
			buildConfigurationList = 931F5DC526FD66CE00162318 /* Build configuration list for PBXNativeTarget "Flix" */;
			buildPhases = (
				67839DC75FBFE7DC54CEC638 /* [CP] Check Pods Manifest.lock */,
				931F5D9726FD66CB00162318 /* Sources */,
				931F5D9826FD66CB00162318 /* Frameworks */,
				931F5D9926FD66CB00162318 /* Resources */,
				65312C294455E7A033E2B571 /* [CP] Embed Pods Frameworks */,
			);
			buildRules = (
			);
			dependencies = (
			);
			name = Flix;
			packageProductDependencies = (
				931F5DD326FE1C2A00162318 /* AlamofireImage */,
			);
			productName = Flix;
			productReference = 931F5D9B26FD66CB00162318 /* Flix.app */;
			productType = "com.apple.product-type.application";
		};
		931F5DB026FD66CE00162318 /* FlixTests */ = {
			isa = PBXNativeTarget;
			buildConfigurationList = 931F5DC826FD66CE00162318 /* Build configuration list for PBXNativeTarget "FlixTests" */;
			buildPhases = (
				716F25069F5BE659C9DF8088 /* [CP] Check Pods Manifest.lock */,
				931F5DAD26FD66CE00162318 /* Sources */,
				931F5DAE26FD66CE00162318 /* Frameworks */,
				931F5DAF26FD66CE00162318 /* Resources */,
			);
			buildRules = (
			);
			dependencies = (
				931F5DB326FD66CE00162318 /* PBXTargetDependency */,
			);
			name = FlixTests;
			productName = FlixTests;
			productReference = 931F5DB126FD66CE00162318 /* FlixTests.xctest */;
			productType = "com.apple.product-type.bundle.unit-test";
		};
		931F5DBB26FD66CE00162318 /* FlixUITests */ = {
			isa = PBXNativeTarget;
			buildConfigurationList = 931F5DCB26FD66CE00162318 /* Build configuration list for PBXNativeTarget "FlixUITests" */;
			buildPhases = (
				56554657C7A963247FC1CE57 /* [CP] Check Pods Manifest.lock */,
				931F5DB826FD66CE00162318 /* Sources */,
				931F5DB926FD66CE00162318 /* Frameworks */,
				931F5DBA26FD66CE00162318 /* Resources */,
				2F422D951A96B708DAE2CAE2 /* [CP] Embed Pods Frameworks */,
			);
			buildRules = (
			);
			dependencies = (
				931F5DBE26FD66CE00162318 /* PBXTargetDependency */,
			);
			name = FlixUITests;
			productName = FlixUITests;
			productReference = 931F5DBC26FD66CE00162318 /* FlixUITests.xctest */;
			productType = "com.apple.product-type.bundle.ui-testing";
		};
/* End PBXNativeTarget section */

/* Begin PBXProject section */
		931F5D9326FD66CB00162318 /* Project object */ = {
			isa = PBXProject;
			attributes = {
				LastSwiftUpdateCheck = 1250;
				LastUpgradeCheck = 1250;
				TargetAttributes = {
					931F5D9A26FD66CB00162318 = {
						CreatedOnToolsVersion = 12.5.1;
					};
					931F5DB026FD66CE00162318 = {
						CreatedOnToolsVersion = 12.5.1;
						TestTargetID = 931F5D9A26FD66CB00162318;
					};
					931F5DBB26FD66CE00162318 = {
						CreatedOnToolsVersion = 12.5.1;
						TestTargetID = 931F5D9A26FD66CB00162318;
					};
				};
			};
			buildConfigurationList = 931F5D9626FD66CB00162318 /* Build configuration list for PBXProject "Flix" */;
			compatibilityVersion = "Xcode 9.3";
			developmentRegion = en;
			hasScannedForEncodings = 0;
			knownRegions = (
				en,
				Base,
			);
			mainGroup = 931F5D9226FD66CB00162318;
			packageReferences = (
				931F5DD226FE1C2A00162318 /* XCRemoteSwiftPackageReference "AlamofireImage" */,
			);
			productRefGroup = 931F5D9C26FD66CB00162318 /* Products */;
			projectDirPath = "";
			projectRoot = "";
			targets = (
				931F5D9A26FD66CB00162318 /* Flix */,
				931F5DB026FD66CE00162318 /* FlixTests */,
				931F5DBB26FD66CE00162318 /* FlixUITests */,
			);
		};
/* End PBXProject section */

/* Begin PBXResourcesBuildPhase section */
		931F5D9926FD66CB00162318 /* Resources */ = {
			isa = PBXResourcesBuildPhase;
			buildActionMask = 2147483647;
			files = (
				931F5DAB26FD66CD00162318 /* LaunchScreen.storyboard in Resources */,
				931F5DA826FD66CD00162318 /* Assets.xcassets in Resources */,
				931F5DA626FD66CB00162318 /* Main.storyboard in Resources */,
			);
			runOnlyForDeploymentPostprocessing = 0;
		};
		931F5DAF26FD66CE00162318 /* Resources */ = {
			isa = PBXResourcesBuildPhase;
			buildActionMask = 2147483647;
			files = (
			);
			runOnlyForDeploymentPostprocessing = 0;
		};
		931F5DBA26FD66CE00162318 /* Resources */ = {
			isa = PBXResourcesBuildPhase;
			buildActionMask = 2147483647;
			files = (
			);
			runOnlyForDeploymentPostprocessing = 0;
		};
/* End PBXResourcesBuildPhase section */

/* Begin PBXShellScriptBuildPhase section */
		2F422D951A96B708DAE2CAE2 /* [CP] Embed Pods Frameworks */ = {
			isa = PBXShellScriptBuildPhase;
			buildActionMask = 2147483647;
			files = (
			);
			inputFileListPaths = (
				"${PODS_ROOT}/Target Support Files/Pods-Flix-FlixUITests/Pods-Flix-FlixUITests-frameworks-${CONFIGURATION}-input-files.xcfilelist",
			);
			name = "[CP] Embed Pods Frameworks";
			outputFileListPaths = (
				"${PODS_ROOT}/Target Support Files/Pods-Flix-FlixUITests/Pods-Flix-FlixUITests-frameworks-${CONFIGURATION}-output-files.xcfilelist",
			);
			runOnlyForDeploymentPostprocessing = 0;
			shellPath = /bin/sh;
			shellScript = "\"${PODS_ROOT}/Target Support Files/Pods-Flix-FlixUITests/Pods-Flix-FlixUITests-frameworks.sh\"\n";
			showEnvVarsInLog = 0;
		};
		56554657C7A963247FC1CE57 /* [CP] Check Pods Manifest.lock */ = {
			isa = PBXShellScriptBuildPhase;
			buildActionMask = 2147483647;
			files = (
			);
			inputFileListPaths = (
			);
			inputPaths = (
				"${PODS_PODFILE_DIR_PATH}/Podfile.lock",
				"${PODS_ROOT}/Manifest.lock",
			);
			name = "[CP] Check Pods Manifest.lock";
			outputFileListPaths = (
			);
			outputPaths = (
				"$(DERIVED_FILE_DIR)/Pods-Flix-FlixUITests-checkManifestLockResult.txt",
			);
			runOnlyForDeploymentPostprocessing = 0;
			shellPath = /bin/sh;
			shellScript = "diff \"${PODS_PODFILE_DIR_PATH}/Podfile.lock\" \"${PODS_ROOT}/Manifest.lock\" > /dev/null\nif [ $? != 0 ] ; then\n    # print error to STDERR\n    echo \"error: The sandbox is not in sync with the Podfile.lock. Run 'pod install' or update your CocoaPods installation.\" >&2\n    exit 1\nfi\n# This output is used by Xcode 'outputs' to avoid re-running this script phase.\necho \"SUCCESS\" > \"${SCRIPT_OUTPUT_FILE_0}\"\n";
			showEnvVarsInLog = 0;
		};
		65312C294455E7A033E2B571 /* [CP] Embed Pods Frameworks */ = {
			isa = PBXShellScriptBuildPhase;
			buildActionMask = 2147483647;
			files = (
			);
			inputFileListPaths = (
				"${PODS_ROOT}/Target Support Files/Pods-Flix/Pods-Flix-frameworks-${CONFIGURATION}-input-files.xcfilelist",
			);
			name = "[CP] Embed Pods Frameworks";
			outputFileListPaths = (
				"${PODS_ROOT}/Target Support Files/Pods-Flix/Pods-Flix-frameworks-${CONFIGURATION}-output-files.xcfilelist",
			);
			runOnlyForDeploymentPostprocessing = 0;
			shellPath = /bin/sh;
			shellScript = "\"${PODS_ROOT}/Target Support Files/Pods-Flix/Pods-Flix-frameworks.sh\"\n";
			showEnvVarsInLog = 0;
		};
		67839DC75FBFE7DC54CEC638 /* [CP] Check Pods Manifest.lock */ = {
			isa = PBXShellScriptBuildPhase;
			buildActionMask = 2147483647;
			files = (
			);
			inputFileListPaths = (
			);
			inputPaths = (
				"${PODS_PODFILE_DIR_PATH}/Podfile.lock",
				"${PODS_ROOT}/Manifest.lock",
			);
			name = "[CP] Check Pods Manifest.lock";
			outputFileListPaths = (
			);
			outputPaths = (
				"$(DERIVED_FILE_DIR)/Pods-Flix-checkManifestLockResult.txt",
			);
			runOnlyForDeploymentPostprocessing = 0;
			shellPath = /bin/sh;
			shellScript = "diff \"${PODS_PODFILE_DIR_PATH}/Podfile.lock\" \"${PODS_ROOT}/Manifest.lock\" > /dev/null\nif [ $? != 0 ] ; then\n    # print error to STDERR\n    echo \"error: The sandbox is not in sync with the Podfile.lock. Run 'pod install' or update your CocoaPods installation.\" >&2\n    exit 1\nfi\n# This output is used by Xcode 'outputs' to avoid re-running this script phase.\necho \"SUCCESS\" > \"${SCRIPT_OUTPUT_FILE_0}\"\n";
			showEnvVarsInLog = 0;
		};
		716F25069F5BE659C9DF8088 /* [CP] Check Pods Manifest.lock */ = {
			isa = PBXShellScriptBuildPhase;
			buildActionMask = 2147483647;
			files = (
			);
			inputFileListPaths = (
			);
			inputPaths = (
				"${PODS_PODFILE_DIR_PATH}/Podfile.lock",
				"${PODS_ROOT}/Manifest.lock",
			);
			name = "[CP] Check Pods Manifest.lock";
			outputFileListPaths = (
			);
			outputPaths = (
				"$(DERIVED_FILE_DIR)/Pods-FlixTests-checkManifestLockResult.txt",
			);
			runOnlyForDeploymentPostprocessing = 0;
			shellPath = /bin/sh;
			shellScript = "diff \"${PODS_PODFILE_DIR_PATH}/Podfile.lock\" \"${PODS_ROOT}/Manifest.lock\" > /dev/null\nif [ $? != 0 ] ; then\n    # print error to STDERR\n    echo \"error: The sandbox is not in sync with the Podfile.lock. Run 'pod install' or update your CocoaPods installation.\" >&2\n    exit 1\nfi\n# This output is used by Xcode 'outputs' to avoid re-running this script phase.\necho \"SUCCESS\" > \"${SCRIPT_OUTPUT_FILE_0}\"\n";
			showEnvVarsInLog = 0;
		};
/* End PBXShellScriptBuildPhase section */

/* Begin PBXSourcesBuildPhase section */
		931F5D9726FD66CB00162318 /* Sources */ = {
			isa = PBXSourcesBuildPhase;
			buildActionMask = 2147483647;
			files = (
				931F5DA326FD66CB00162318 /* MovieViewController.swift in Sources */,
				931F5D9F26FD66CB00162318 /* AppDelegate.swift in Sources */,
				931F5DD126FE16CF00162318 /* MovieCell.swift in Sources */,
				931F5DA126FD66CB00162318 /* SceneDelegate.swift in Sources */,
			);
			runOnlyForDeploymentPostprocessing = 0;
		};
		931F5DAD26FD66CE00162318 /* Sources */ = {
			isa = PBXSourcesBuildPhase;
			buildActionMask = 2147483647;
			files = (
				931F5DB626FD66CE00162318 /* FlixTests.swift in Sources */,
			);
			runOnlyForDeploymentPostprocessing = 0;
		};
		931F5DB826FD66CE00162318 /* Sources */ = {
			isa = PBXSourcesBuildPhase;
			buildActionMask = 2147483647;
			files = (
				931F5DC126FD66CE00162318 /* FlixUITests.swift in Sources */,
			);
			runOnlyForDeploymentPostprocessing = 0;
		};
/* End PBXSourcesBuildPhase section */

/* Begin PBXTargetDependency section */
		931F5DB326FD66CE00162318 /* PBXTargetDependency */ = {
			isa = PBXTargetDependency;
			target = 931F5D9A26FD66CB00162318 /* Flix */;
			targetProxy = 931F5DB226FD66CE00162318 /* PBXContainerItemProxy */;
		};
		931F5DBE26FD66CE00162318 /* PBXTargetDependency */ = {
			isa = PBXTargetDependency;
			target = 931F5D9A26FD66CB00162318 /* Flix */;
			targetProxy = 931F5DBD26FD66CE00162318 /* PBXContainerItemProxy */;
		};
/* End PBXTargetDependency section */

/* Begin PBXVariantGroup section */
		931F5DA426FD66CB00162318 /* Main.storyboard */ = {
			isa = PBXVariantGroup;
			children = (
				931F5DA526FD66CB00162318 /* Base */,
			);
			name = Main.storyboard;
			sourceTree = "<group>";
		};
		931F5DA926FD66CD00162318 /* LaunchScreen.storyboard */ = {
			isa = PBXVariantGroup;
			children = (
				931F5DAA26FD66CD00162318 /* Base */,
			);
			name = LaunchScreen.storyboard;
			sourceTree = "<group>";
		};
/* End PBXVariantGroup section */

/* Begin XCBuildConfiguration section */
		931F5DC326FD66CE00162318 /* Debug */ = {
			isa = XCBuildConfiguration;
			buildSettings = {
				ALWAYS_SEARCH_USER_PATHS = NO;
				CLANG_ANALYZER_NONNULL = YES;
				CLANG_ANALYZER_NUMBER_OBJECT_CONVERSION = YES_AGGRESSIVE;
				CLANG_CXX_LANGUAGE_STANDARD = "gnu++14";
				CLANG_CXX_LIBRARY = "libc++";
				CLANG_ENABLE_MODULES = YES;
				CLANG_ENABLE_OBJC_ARC = YES;
				CLANG_ENABLE_OBJC_WEAK = YES;
				CLANG_WARN_BLOCK_CAPTURE_AUTORELEASING = YES;
				CLANG_WARN_BOOL_CONVERSION = YES;
				CLANG_WARN_COMMA = YES;
				CLANG_WARN_CONSTANT_CONVERSION = YES;
				CLANG_WARN_DEPRECATED_OBJC_IMPLEMENTATIONS = YES;
				CLANG_WARN_DIRECT_OBJC_ISA_USAGE = YES_ERROR;
				CLANG_WARN_DOCUMENTATION_COMMENTS = YES;
				CLANG_WARN_EMPTY_BODY = YES;
				CLANG_WARN_ENUM_CONVERSION = YES;
				CLANG_WARN_INFINITE_RECURSION = YES;
				CLANG_WARN_INT_CONVERSION = YES;
				CLANG_WARN_NON_LITERAL_NULL_CONVERSION = YES;
				CLANG_WARN_OBJC_IMPLICIT_RETAIN_SELF = YES;
				CLANG_WARN_OBJC_LITERAL_CONVERSION = YES;
				CLANG_WARN_OBJC_ROOT_CLASS = YES_ERROR;
				CLANG_WARN_QUOTED_INCLUDE_IN_FRAMEWORK_HEADER = YES;
				CLANG_WARN_RANGE_LOOP_ANALYSIS = YES;
				CLANG_WARN_STRICT_PROTOTYPES = YES;
				CLANG_WARN_SUSPICIOUS_MOVE = YES;
				CLANG_WARN_UNGUARDED_AVAILABILITY = YES_AGGRESSIVE;
				CLANG_WARN_UNREACHABLE_CODE = YES;
				CLANG_WARN__DUPLICATE_METHOD_MATCH = YES;
				COPY_PHASE_STRIP = NO;
				DEBUG_INFORMATION_FORMAT = dwarf;
				ENABLE_STRICT_OBJC_MSGSEND = YES;
				ENABLE_TESTABILITY = YES;
				GCC_C_LANGUAGE_STANDARD = gnu11;
				GCC_DYNAMIC_NO_PIC = NO;
				GCC_NO_COMMON_BLOCKS = YES;
				GCC_OPTIMIZATION_LEVEL = 0;
				GCC_PREPROCESSOR_DEFINITIONS = (
					"DEBUG=1",
					"$(inherited)",
				);
				GCC_WARN_64_TO_32_BIT_CONVERSION = YES;
				GCC_WARN_ABOUT_RETURN_TYPE = YES_ERROR;
				GCC_WARN_UNDECLARED_SELECTOR = YES;
				GCC_WARN_UNINITIALIZED_AUTOS = YES_AGGRESSIVE;
				GCC_WARN_UNUSED_FUNCTION = YES;
				GCC_WARN_UNUSED_VARIABLE = YES;
				IPHONEOS_DEPLOYMENT_TARGET = 14.5;
				MTL_ENABLE_DEBUG_INFO = INCLUDE_SOURCE;
				MTL_FAST_MATH = YES;
				ONLY_ACTIVE_ARCH = YES;
				SDKROOT = iphoneos;
				SWIFT_ACTIVE_COMPILATION_CONDITIONS = DEBUG;
				SWIFT_OPTIMIZATION_LEVEL = "-Onone";
			};
			name = Debug;
		};
		931F5DC426FD66CE00162318 /* Release */ = {
			isa = XCBuildConfiguration;
			buildSettings = {
				ALWAYS_SEARCH_USER_PATHS = NO;
				CLANG_ANALYZER_NONNULL = YES;
				CLANG_ANALYZER_NUMBER_OBJECT_CONVERSION = YES_AGGRESSIVE;
				CLANG_CXX_LANGUAGE_STANDARD = "gnu++14";
				CLANG_CXX_LIBRARY = "libc++";
				CLANG_ENABLE_MODULES = YES;
				CLANG_ENABLE_OBJC_ARC = YES;
				CLANG_ENABLE_OBJC_WEAK = YES;
				CLANG_WARN_BLOCK_CAPTURE_AUTORELEASING = YES;
				CLANG_WARN_BOOL_CONVERSION = YES;
				CLANG_WARN_COMMA = YES;
				CLANG_WARN_CONSTANT_CONVERSION = YES;
				CLANG_WARN_DEPRECATED_OBJC_IMPLEMENTATIONS = YES;
				CLANG_WARN_DIRECT_OBJC_ISA_USAGE = YES_ERROR;
				CLANG_WARN_DOCUMENTATION_COMMENTS = YES;
				CLANG_WARN_EMPTY_BODY = YES;
				CLANG_WARN_ENUM_CONVERSION = YES;
				CLANG_WARN_INFINITE_RECURSION = YES;
				CLANG_WARN_INT_CONVERSION = YES;
				CLANG_WARN_NON_LITERAL_NULL_CONVERSION = YES;
				CLANG_WARN_OBJC_IMPLICIT_RETAIN_SELF = YES;
				CLANG_WARN_OBJC_LITERAL_CONVERSION = YES;
				CLANG_WARN_OBJC_ROOT_CLASS = YES_ERROR;
				CLANG_WARN_QUOTED_INCLUDE_IN_FRAMEWORK_HEADER = YES;
				CLANG_WARN_RANGE_LOOP_ANALYSIS = YES;
				CLANG_WARN_STRICT_PROTOTYPES = YES;
				CLANG_WARN_SUSPICIOUS_MOVE = YES;
				CLANG_WARN_UNGUARDED_AVAILABILITY = YES_AGGRESSIVE;
				CLANG_WARN_UNREACHABLE_CODE = YES;
				CLANG_WARN__DUPLICATE_METHOD_MATCH = YES;
				COPY_PHASE_STRIP = NO;
				DEBUG_INFORMATION_FORMAT = "dwarf-with-dsym";
				ENABLE_NS_ASSERTIONS = NO;
				ENABLE_STRICT_OBJC_MSGSEND = YES;
				GCC_C_LANGUAGE_STANDARD = gnu11;
				GCC_NO_COMMON_BLOCKS = YES;
				GCC_WARN_64_TO_32_BIT_CONVERSION = YES;
				GCC_WARN_ABOUT_RETURN_TYPE = YES_ERROR;
				GCC_WARN_UNDECLARED_SELECTOR = YES;
				GCC_WARN_UNINITIALIZED_AUTOS = YES_AGGRESSIVE;
				GCC_WARN_UNUSED_FUNCTION = YES;
				GCC_WARN_UNUSED_VARIABLE = YES;
				IPHONEOS_DEPLOYMENT_TARGET = 14.5;
				MTL_ENABLE_DEBUG_INFO = NO;
				MTL_FAST_MATH = YES;
				SDKROOT = iphoneos;
				SWIFT_COMPILATION_MODE = wholemodule;
				SWIFT_OPTIMIZATION_LEVEL = "-O";
				VALIDATE_PRODUCT = YES;
			};
			name = Release;
		};
		931F5DC626FD66CE00162318 /* Debug */ = {
			isa = XCBuildConfiguration;
			baseConfigurationReference = A62800D0B5AC84350996BCD8 /* Pods-Flix.debug.xcconfig */;
			buildSettings = {
				ASSETCATALOG_COMPILER_APPICON_NAME = AppIcon;
				ASSETCATALOG_COMPILER_GLOBAL_ACCENT_COLOR_NAME = AccentColor;
				CODE_SIGN_STYLE = Automatic;
				INFOPLIST_FILE = Flix/Info.plist;
				LD_RUNPATH_SEARCH_PATHS = (
					"$(inherited)",
					"@executable_path/Frameworks",
				);
				PRODUCT_BUNDLE_IDENTIFIER = wang321.Flix;
				PRODUCT_NAME = "$(TARGET_NAME)";
				SWIFT_VERSION = 5.0;
				TARGETED_DEVICE_FAMILY = "1,2";
			};
			name = Debug;
		};
		931F5DC726FD66CE00162318 /* Release */ = {
			isa = XCBuildConfiguration;
			baseConfigurationReference = 1EC0399835C34BE794AE60CC /* Pods-Flix.release.xcconfig */;
			buildSettings = {
				ASSETCATALOG_COMPILER_APPICON_NAME = AppIcon;
				ASSETCATALOG_COMPILER_GLOBAL_ACCENT_COLOR_NAME = AccentColor;
				CODE_SIGN_STYLE = Automatic;
				INFOPLIST_FILE = Flix/Info.plist;
				LD_RUNPATH_SEARCH_PATHS = (
					"$(inherited)",
					"@executable_path/Frameworks",
				);
				PRODUCT_BUNDLE_IDENTIFIER = wang321.Flix;
				PRODUCT_NAME = "$(TARGET_NAME)";
				SWIFT_VERSION = 5.0;
				TARGETED_DEVICE_FAMILY = "1,2";
			};
			name = Release;
		};
		931F5DC926FD66CE00162318 /* Debug */ = {
			isa = XCBuildConfiguration;
			baseConfigurationReference = AB211ED6A2310FB694475321 /* Pods-FlixTests.debug.xcconfig */;
			buildSettings = {
				ALWAYS_EMBED_SWIFT_STANDARD_LIBRARIES = YES;
				BUNDLE_LOADER = "$(TEST_HOST)";
				CODE_SIGN_STYLE = Automatic;
				INFOPLIST_FILE = FlixTests/Info.plist;
				IPHONEOS_DEPLOYMENT_TARGET = 14.5;
				LD_RUNPATH_SEARCH_PATHS = (
					"$(inherited)",
					"@executable_path/Frameworks",
					"@loader_path/Frameworks",
				);
				PRODUCT_BUNDLE_IDENTIFIER = wang321.FlixTests;
				PRODUCT_NAME = "$(TARGET_NAME)";
				SWIFT_VERSION = 5.0;
				TARGETED_DEVICE_FAMILY = "1,2";
				TEST_HOST = "$(BUILT_PRODUCTS_DIR)/Flix.app/Flix";
			};
			name = Debug;
		};
		931F5DCA26FD66CE00162318 /* Release */ = {
			isa = XCBuildConfiguration;
			baseConfigurationReference = 5FAA2BC96A011A7DCE26FB5D /* Pods-FlixTests.release.xcconfig */;
			buildSettings = {
				ALWAYS_EMBED_SWIFT_STANDARD_LIBRARIES = YES;
				BUNDLE_LOADER = "$(TEST_HOST)";
				CODE_SIGN_STYLE = Automatic;
				INFOPLIST_FILE = FlixTests/Info.plist;
				IPHONEOS_DEPLOYMENT_TARGET = 14.5;
				LD_RUNPATH_SEARCH_PATHS = (
					"$(inherited)",
					"@executable_path/Frameworks",
					"@loader_path/Frameworks",
				);
				PRODUCT_BUNDLE_IDENTIFIER = wang321.FlixTests;
				PRODUCT_NAME = "$(TARGET_NAME)";
				SWIFT_VERSION = 5.0;
				TARGETED_DEVICE_FAMILY = "1,2";
				TEST_HOST = "$(BUILT_PRODUCTS_DIR)/Flix.app/Flix";
			};
			name = Release;
		};
		931F5DCC26FD66CE00162318 /* Debug */ = {
			isa = XCBuildConfiguration;
			baseConfigurationReference = D05F5E31DA56BB236E42B73C /* Pods-Flix-FlixUITests.debug.xcconfig */;
			buildSettings = {
				ALWAYS_EMBED_SWIFT_STANDARD_LIBRARIES = YES;
				CODE_SIGN_STYLE = Automatic;
				INFOPLIST_FILE = FlixUITests/Info.plist;
				LD_RUNPATH_SEARCH_PATHS = (
					"$(inherited)",
					"@executable_path/Frameworks",
					"@loader_path/Frameworks",
				);
				PRODUCT_BUNDLE_IDENTIFIER = wang321.FlixUITests;
				PRODUCT_NAME = "$(TARGET_NAME)";
				SWIFT_VERSION = 5.0;
				TARGETED_DEVICE_FAMILY = "1,2";
				TEST_TARGET_NAME = Flix;
			};
			name = Debug;
		};
		931F5DCD26FD66CE00162318 /* Release */ = {
			isa = XCBuildConfiguration;
			baseConfigurationReference = 87AB7D699811437D45216FB8 /* Pods-Flix-FlixUITests.release.xcconfig */;
			buildSettings = {
				ALWAYS_EMBED_SWIFT_STANDARD_LIBRARIES = YES;
				CODE_SIGN_STYLE = Automatic;
				INFOPLIST_FILE = FlixUITests/Info.plist;
				LD_RUNPATH_SEARCH_PATHS = (
					"$(inherited)",
					"@executable_path/Frameworks",
					"@loader_path/Frameworks",
				);
				PRODUCT_BUNDLE_IDENTIFIER = wang321.FlixUITests;
				PRODUCT_NAME = "$(TARGET_NAME)";
				SWIFT_VERSION = 5.0;
				TARGETED_DEVICE_FAMILY = "1,2";
				TEST_TARGET_NAME = Flix;
			};
			name = Release;
		};
/* End XCBuildConfiguration section */

/* Begin XCConfigurationList section */
		931F5D9626FD66CB00162318 /* Build configuration list for PBXProject "Flix" */ = {
			isa = XCConfigurationList;
			buildConfigurations = (
				931F5DC326FD66CE00162318 /* Debug */,
				931F5DC426FD66CE00162318 /* Release */,
			);
			defaultConfigurationIsVisible = 0;
			defaultConfigurationName = Release;
		};
		931F5DC526FD66CE00162318 /* Build configuration list for PBXNativeTarget "Flix" */ = {
			isa = XCConfigurationList;
			buildConfigurations = (
				931F5DC626FD66CE00162318 /* Debug */,
				931F5DC726FD66CE00162318 /* Release */,
			);
			defaultConfigurationIsVisible = 0;
			defaultConfigurationName = Release;
		};
		931F5DC826FD66CE00162318 /* Build configuration list for PBXNativeTarget "FlixTests" */ = {
			isa = XCConfigurationList;
			buildConfigurations = (
				931F5DC926FD66CE00162318 /* Debug */,
				931F5DCA26FD66CE00162318 /* Release */,
			);
			defaultConfigurationIsVisible = 0;
			defaultConfigurationName = Release;
		};
		931F5DCB26FD66CE00162318 /* Build configuration list for PBXNativeTarget "FlixUITests" */ = {
			isa = XCConfigurationList;
			buildConfigurations = (
				931F5DCC26FD66CE00162318 /* Debug */,
				931F5DCD26FD66CE00162318 /* Release */,
			);
			defaultConfigurationIsVisible = 0;
			defaultConfigurationName = Release;
		};
/* End XCConfigurationList section */

/* Begin XCRemoteSwiftPackageReference section */
		931F5DD226FE1C2A00162318 /* XCRemoteSwiftPackageReference "AlamofireImage" */ = {
			isa = XCRemoteSwiftPackageReference;
			repositoryURL = "https://github.com/Alamofire/AlamofireImage";
			requirement = {
				kind = upToNextMajorVersion;
				minimumVersion = 4.2.0;
			};
		};
/* End XCRemoteSwiftPackageReference section */

/* Begin XCSwiftPackageProductDependency section */
		931F5DD326FE1C2A00162318 /* AlamofireImage */ = {
			isa = XCSwiftPackageProductDependency;
			package = 931F5DD226FE1C2A00162318 /* XCRemoteSwiftPackageReference "AlamofireImage" */;
			productName = AlamofireImage;
		};
/* End XCSwiftPackageProductDependency section */
	};
	rootObject = 931F5D9326FD66CB00162318 /* Project object */;
}
